
Microsoft Visual Studio Solution File, Format Version 12.00
# Visual Studio 15
VisualStudioVersion = 15.0.28010.2019
MinimumVisualStudioVersion = 10.0.40219.1
Project("{FAE04EC0-301F-11D3-BF4B-00C04F79EFBC}") = "SOFT 153 coursework", "SOFT 153 coursework\SOFT 153 coursework.csproj", "{143F0B33-9633-4E84-8BF6-55865D8EC280}"
EndProject
Global
	GlobalSection(SolutionConfigurationPlatforms) = preSolution
		Debug|Any CPU = Debug|Any CPU
		Release|Any CPU = Release|Any CPU
	EndGlobalSection
	GlobalSection(ProjectConfigurationPlatforms) = postSolution
		{143F0B33-9633-4E84-8BF6-55865D8EC280}.Debug|Any CPU.ActiveCfg = Debug|Any CPU
		{143F0B33-9633-4E84-8BF6-55865D8EC280}.Debug|Any CPU.Build.0 = Debug|Any CPU
		{143F0B33-9633-4E84-8BF6-55865D8EC280}.Release|Any CPU.ActiveCfg = Release|Any CPU
		{143F0B33-9633-4E84-8BF6-55865D8EC280}.Release|Any CPU.Build.0 = Release|Any CPU
	EndGlobalSection
	GlobalSection(SolutionProperties) = preSolution
		HideSolutionNode = FALSE
	EndGlobalSection
	GlobalSection(ExtensibilityGlobals) = postSolution
		SolutionGuid = {6063EA17-52A6-4A09-9365-31B90D50D1DA}
	EndGlobalSection
EndGlobal
